<?xml version="1.0" encoding="utf-8"?>
<Project ToolsVersion="4.0" xmlns="http://schemas.microsoft.com/developer/msbuild/2003">
  <ItemGroup>
    <Filter Include="Source Files">
      <UniqueIdentifier>{4FC737F1-C7A5-4376-A066-2A32D752A2FF}</UniqueIdentifier>
      <Extensions>cpp;c;cc;cxx;def;odl;idl;hpj;bat;asm;asmx</Extensions>
    </Filter>
    <Filter Include="Header Files">
      <UniqueIdentifier>{93995380-89BD-4b04-88EB-625FBE52EBFB}</UniqueIdentifier>
      <Extensions>h;hpp;hxx;hm;inl;inc;xsd</Extensions>
    </Filter>
    <Filter Include="Resource Files">
      <UniqueIdentifier>{67DA6AB6-F800-4c08-8B7A-83BB121AAD01}</UniqueIdentifier>
      <Extensions>rc;ico;cur;bmp;dlg;rc2;rct;bin;rgs;gif;jpg;jpeg;jpe;resx;tiff;tif;png;wav</Extensions>
    </Filter>
  </ItemGroup>
  <ItemGroup>
    <ClCompile Include="BitStream.c">
      <Filter>Source Files</Filter>
    </ClCompile>
    <ClCompile Include="..\..\Library\libc2\ByteStream.c">
      <Filter>Source Files</Filter>
    </ClCompile>
    <ClCompile Include="H264VideoDecoder.c">
      <Filter>Source Files</Filter>
    </ClCompile>
    <ClCompile Include="MpegPesDemux.c">
      <Filter>Source Files</Filter>
    </ClCompile>
    <ClCompile Include="MpegPesPacketReader.c">
      <Filter>Source Files</Filter>
    </ClCompile>
    <ClCompile Include="MpegTsAnalyzer.cpp">
      <Filter>Source Files</Filter>
    </ClCompile>
    <ClCompile Include="MpegTsDemux.c">
      <Filter>Source Files</Filter>
    </ClCompile>
    <ClCompile Include="MpegTsPacketReader.c">
      <Filter>Source Files</Filter>
    </ClCompile>
    <ClCompile Include="Nal.c">
      <Filter>Source Files</Filter>
    </ClCompile>
    <ClCompile Include="stdafx.cpp">
      <Filter>Source Files</Filter>
    </ClCompile>
  </ItemGroup>
  <ItemGroup>
    <ClInclude Include="..\..\Library\Include\baseerrdef.h">
      <Filter>Header Files</Filter>
    </ClInclude>
    <ClInclude Include="..\..\Library\Include\BaseTypeDef.h">
      <Filter>Header Files</Filter>
    </ClInclude>
    <ClInclude Include="BitStream.h">
      <Filter>Header Files</Filter>
    </ClInclude>
    <ClInclude Include="..\..\Library\Include\CommonDataType.h">
      <Filter>Header Files</Filter>
    </ClInclude>
    <ClInclude Include="..\..\Library\Include\ErrPrintHelper.h">
      <Filter>Header Files</Filter>
    </ClInclude>
    <ClInclude Include="..\Library\Include\ErrPrintHelper.h">
      <Filter>Header Files</Filter>
    </ClInclude>
    <ClInclude Include="H264.h">
      <Filter>Header Files</Filter>
    </ClInclude>
    <ClInclude Include="H264VideoDecoder.h">
      <Filter>Header Files</Filter>
    </ClInclude>
    <ClInclude Include="..\..\Library\Include\MemOpHelper.h">
      <Filter>Header Files</Filter>
    </ClInclude>
    <ClInclude Include="MpegPes.h">
      <Filter>Header Files</Filter>
    </ClInclude>
    <ClInclude Include="MpegPesDemux.h">
      <Filter>Header Files</Filter>
    </ClInclude>
    <ClInclude Include="MpegPesPacketReader.h">
      <Filter>Header Files</Filter>
    </ClInclude>
    <ClInclude Include="MpegTS.h">
      <Filter>Header Files</Filter>
    </ClInclude>
    <ClInclude Include="MpegTsDemux.h">
      <Filter>Header Files</Filter>
    </ClInclude>
    <ClInclude Include="MpegTsPacketReader.h">
      <Filter>Header Files</Filter>
    </ClInclude>
    <ClInclude Include="Nal.h">
      <Filter>Header Files</Filter>
    </ClInclude>
    <ClInclude Include="stdafx.h">
      <Filter>Header Files</Filter>
    </ClInclude>
    <ClInclude Include="..\Library\libc2\string2.h">
      <Filter>Header Files</Filter>
    </ClInclude>
    <ClInclude Include="..\..\Library\Include\StrOpMacro.h">
      <Filter>Header Files</Filter>
    </ClInclude>
  </ItemGroup>
  <ItemGroup>
    <None Include="ReadMe.txt" />
  </ItemGroup>
</Project>