
Microsoft Visual Studio Solution File, Format Version 11.00
# Visual Studio 2010
Project("{8BC9CEB8-8B4A-11D0-8D11-00A0C91BC942}") = "ffplay", "ffplay.vcxproj", "{178A2177-E4BE-21C9-B18C-8AF265F1CFA0}"
EndProject
Global
	GlobalSection(SolutionConfigurationPlatforms) = preSolution
		Debug|Win32 = Debug|Win32
		Release|Win32 = Release|Win32
	EndGlobalSection
	GlobalSection(ProjectConfigurationPlatforms) = postSolution
		{178A2177-E4BE-21C9-B18C-8AF265F1CFA0}.Debug|Win32.ActiveCfg = Debug|Win32
		{178A2177-E4BE-21C9-B18C-8AF265F1CFA0}.Debug|Win32.Build.0 = Debug|Win32
		{178A2177-E4BE-21C9-B18C-8AF265F1CFA0}.Release|Win32.ActiveCfg = Release|Win32
		{178A2177-E4BE-21C9-B18C-8AF265F1CFA0}.Release|Win32.Build.0 = Release|Win32
	EndGlobalSection
	GlobalSection(SolutionProperties) = preSolution
		HideSolutionNode = FALSE
	EndGlobalSection
EndGlobal
